// !$*UTF8*$!
{
	archiveVersion = 1;
	classes = {
	};
	objectVersion = 50;
	objects = {

/* Begin PBXBuildFile section */
		D812227B253F1B2F002CBA24 /* AppDelegate.swift in Sources */ = {isa = PBXBuildFile; fileRef = D812227A253F1B2F002CBA24 /* AppDelegate.swift */; };
		D812227D253F1B2F002CBA24 /* SceneDelegate.swift in Sources */ = {isa = PBXBuildFile; fileRef = D812227C253F1B2F002CBA24 /* SceneDelegate.swift */; };
		D812227F253F1B2F002CBA24 /* ViewController.swift in Sources */ = {isa = PBXBuildFile; fileRef = D812227E253F1B2F002CBA24 /* ViewController.swift */; };
		D8122282253F1B2F002CBA24 /* Main.storyboard in Resources */ = {isa = PBXBuildFile; fileRef = D8122280253F1B2F002CBA24 /* Main.storyboard */; };
		D8122284253F1B30002CBA24 /* Assets.xcassets in Resources */ = {isa = PBXBuildFile; fileRef = D8122283253F1B30002CBA24 /* Assets.xcassets */; };
		D8122287253F1B30002CBA24 /* LaunchScreen.storyboard in Resources */ = {isa = PBXBuildFile; fileRef = D8122285253F1B30002CBA24 /* LaunchScreen.storyboard */; };
/* End PBXBuildFile section */

/* Begin PBXFileReference section */
		D8122277253F1B2F002CBA24 /* WeatherJun.app */ = {isa = PBXFileReference; explicitFileType = wrapper.application; includeInIndex = 0; path = WeatherJun.app; sourceTree = BUILT_PRODUCTS_DIR; };
		D812227A253F1B2F002CBA24 /* AppDelegate.swift */ = {isa = PBXFileReference; lastKnownFileType = sourcecode.swift; path = AppDelegate.swift; sourceTree = "<group>"; };
		D812227C253F1B2F002CBA24 /* SceneDelegate.swift */ = {isa = PBXFileReference; lastKnownFileType = sourcecode.swift; path = SceneDelegate.swift; sourceTree = "<group>"; };
		D812227E253F1B2F002CBA24 /* ViewController.swift */ = {isa = PBXFileReference; lastKnownFileType = sourcecode.swift; path = ViewController.swift; sourceTree = "<group>"; };
		D8122281253F1B2F002CBA24 /* Base */ = {isa = PBXFileReference; lastKnownFileType = file.storyboard; name = Base; path = Base.lproj/Main.storyboard; sourceTree = "<group>"; };
		D8122283253F1B30002CBA24 /* Assets.xcassets */ = {isa = PBXFileReference; lastKnownFileType = folder.assetcatalog; path = Assets.xcassets; sourceTree = "<group>"; };
		D8122286253F1B30002CBA24 /* Base */ = {isa = PBXFileReference; lastKnownFileType = file.storyboard; name = Base; path = Base.lproj/LaunchScreen.storyboard; sourceTree = "<group>"; };
		D8122288253F1B30002CBA24 /* Info.plist */ = {isa = PBXFileReference; lastKnownFileType = text.plist.xml; path = Info.plist; sourceTree = "<group>"; };
/* End PBXFileReference section */

/* Begin PBXFrameworksBuildPhase section */
		D8122274253F1B2F002CBA24 /* Frameworks */ = {
			isa = PBXFrameworksBuildPhase;
			buildActionMask = 2147483647;
			files = (
			);
			runOnlyForDeploymentPostprocessing = 0;
		};
/* End PBXFrameworksBuildPhase section */

/* Begin PBXGroup section */
		D812226E253F1B2F002CBA24 = {
			isa = PBXGroup;
			children = (
				D8122279253F1B2F002CBA24 /* WeatherJun */,
				D8122278253F1B2F002CBA24 /* Products */,
			);
			sourceTree = "<group>";
		};
		D8122278253F1B2F002CBA24 /* Products */ = {
			isa = PBXGroup;
			children = (
				D8122277253F1B2F002CBA24 /* WeatherJun.app */,
			);
			name = Products;
			sourceTree = "<group>";
		};
		D8122279253F1B2F002CBA24 /* WeatherJun */ = {
			isa = PBXGroup;
			children = (
				D812227A253F1B2F002CBA24 /* AppDelegate.swift */,
				D812227C253F1B2F002CBA24 /* SceneDelegate.swift */,
				D812227E253F1B2F002CBA24 /* ViewController.swift */,
				D8122280253F1B2F002CBA24 /* Main.storyboard */,
				D8122283253F1B30002CBA24 /* Assets.xcassets */,
				D8122285253F1B30002CBA24 /* LaunchScreen.storyboard */,
				D8122288253F1B30002CBA24 /* Info.plist */,
			);
			path = WeatherJun;
			sourceTree = "<group>";
		};
/* End PBXGroup section */

/* Begin PBXNativeTarget section */
		D8122276253F1B2F002CBA24 /* WeatherJun */ = {
			isa = PBXNativeTarget;
			buildConfigurationList = D812228B253F1B30002CBA24 /* Build configuration list for PBXNativeTarget "WeatherJun" */;
			buildPhases = (
				D8122273253F1B2F002CBA24 /* Sources */,
				D8122274253F1B2F002CBA24 /* Frameworks */,
				D8122275253F1B2F002CBA24 /* Resources */,
			);
			buildRules = (
			);
			dependencies = (
			);
			name = WeatherJun;
			productName = WeatherJun;
			productReference = D8122277253F1B2F002CBA24 /* WeatherJun.app */;
			productType = "com.apple.product-type.application";
		};
/* End PBXNativeTarget section */

/* Begin PBXProject section */
		D812226F253F1B2F002CBA24 /* Project object */ = {
			isa = PBXProject;
			attributes = {
				LastSwiftUpdateCheck = 1160;
				LastUpgradeCheck = 1160;
				ORGANIZATIONNAME = "Сергей Горбачёв";
				TargetAttributes = {
					D8122276253F1B2F002CBA24 = {
						CreatedOnToolsVersion = 11.6;
					};
				};
			};
			buildConfigurationList = D8122272253F1B2F002CBA24 /* Build configuration list for PBXProject "WeatherJun" */;
			compatibilityVersion = "Xcode 9.3";
			developmentRegion = en;
			hasScannedForEncodings = 0;
			knownRegions = (
				en,
				Base,
			);
			mainGroup = D812226E253F1B2F002CBA24;
			productRefGroup = D8122278253F1B2F002CBA24 /* Products */;
			projectDirPath = "";
			projectRoot = "";
			targets = (
				D8122276253F1B2F002CBA24 /* WeatherJun */,
			);
		};
/* End PBXProject section */

/* Begin PBXResourcesBuildPhase section */
		D8122275253F1B2F002CBA24 /* Resources */ = {
			isa = PBXResourcesBuildPhase;
			buildActionMask = 2147483647;
			files = (
				D8122287253F1B30002CBA24 /* LaunchScreen.storyboard in Resources */,
				D8122284253F1B30002CBA24 /* Assets.xcassets in Resources */,
				D8122282253F1B2F002CBA24 /* Main.storyboard in Resources */,
			);
			runOnlyForDeploymentPostprocessing = 0;
		};
/* End PBXResourcesBuildPhase section */

/* Begin PBXSourcesBuildPhase section */
		D8122273253F1B2F002CBA24 /* Sources */ = {
			isa = PBXSourcesBuildPhase;
			buildActionMask = 2147483647;
			files = (
				D812227F253F1B2F002CBA24 /* ViewController.swift in Sources */,
				D812227B253F1B2F002CBA24 /* AppDelegate.swift in Sources */,
				D812227D253F1B2F002CBA24 /* SceneDelegate.swift in Sources */,
			);
			runOnlyForDeploymentPostprocessing = 0;
		};
/* End PBXSourcesBuildPhase section */

/* Begin PBXVariantGroup section */
		D8122280253F1B2F002CBA24 /* Main.storyboard */ = {
			isa = PBXVariantGroup;
			children = (
				D8122281253F1B2F002CBA24 /* Base */,
			);
			name = Main.storyboard;
			sourceTree = "<group>";
		};
		D8122285253F1B30002CBA24 /* LaunchScreen.storyboard */ = {
			isa = PBXVariantGroup;
			children = (
				D8122286253F1B30002CBA24 /* Base */,
			);
			name = LaunchScreen.storyboard;
			sourceTree = "<group>";
		};
/* End PBXVariantGroup section */

/* Begin XCBuildConfiguration section */
		D8122289253F1B30002CBA24 /* Debug */ = {
			isa = XCBuildConfiguration;
			buildSettings = {
				ALWAYS_SEARCH_USER_PATHS = NO;
				CLANG_ANALYZER_NONNULL = YES;
				CLANG_ANALYZER_NUMBER_OBJECT_CONVERSION = YES_AGGRESSIVE;
				CLANG_CXX_LANGUAGE_STANDARD = "gnu++14";
				CLANG_CXX_LIBRARY = "libc++";
				CLANG_ENABLE_MODULES = YES;
				CLANG_ENABLE_OBJC_ARC = YES;
				CLANG_ENABLE_OBJC_WEAK = YES;
				CLANG_WARN_BLOCK_CAPTURE_AUTORELEASING = YES;
				CLANG_WARN_BOOL_CONVERSION = YES;
				CLANG_WARN_COMMA = YES;
				CLANG_WARN_CONSTANT_CONVERSION = YES;
				CLANG_WARN_DEPRECATED_OBJC_IMPLEMENTATIONS = YES;
				CLANG_WARN_DIRECT_OBJC_ISA_USAGE = YES_ERROR;
				CLANG_WARN_DOCUMENTATION_COMMENTS = YES;
				CLANG_WARN_EMPTY_BODY = YES;
				CLANG_WARN_ENUM_CONVERSION = YES;
				CLANG_WARN_INFINITE_RECURSION = YES;
				CLANG_WARN_INT_CONVERSION = YES;
				CLANG_WARN_NON_LITERAL_NULL_CONVERSION = YES;
				CLANG_WARN_OBJC_IMPLICIT_RETAIN_SELF = YES;
				CLANG_WARN_OBJC_LITERAL_CONVERSION = YES;
				CLANG_WARN_OBJC_ROOT_CLASS = YES_ERROR;
				CLANG_WARN_RANGE_LOOP_ANALYSIS = YES;
				CLANG_WARN_STRICT_PROTOTYPES = YES;
				CLANG_WARN_SUSPICIOUS_MOVE = YES;
				CLANG_WARN_UNGUARDED_AVAILABILITY = YES_AGGRESSIVE;
				CLANG_WARN_UNREACHABLE_CODE = YES;
				CLANG_WARN__DUPLICATE_METHOD_MATCH = YES;
				COPY_PHASE_STRIP = NO;
				DEBUG_INFORMATION_FORMAT = dwarf;
				ENABLE_STRICT_OBJC_MSGSEND = YES;
				ENABLE_TESTABILITY = YES;
				GCC_C_LANGUAGE_STANDARD = gnu11;
				GCC_DYNAMIC_NO_PIC = NO;
				GCC_NO_COMMON_BLOCKS = YES;
				GCC_OPTIMIZATION_LEVEL = 0;
				GCC_PREPROCESSOR_DEFINITIONS = (
					"DEBUG=1",
					"$(inherited)",
				);
				GCC_WARN_64_TO_32_BIT_CONVERSION = YES;
				GCC_WARN_ABOUT_RETURN_TYPE = YES_ERROR;
				GCC_WARN_UNDECLARED_SELECTOR = YES;
				GCC_WARN_UNINITIALIZED_AUTOS = YES_AGGRESSIVE;
				GCC_WARN_UNUSED_FUNCTION = YES;
				GCC_WARN_UNUSED_VARIABLE = YES;
				IPHONEOS_DEPLOYMENT_TARGET = 13.6;
				MTL_ENABLE_DEBUG_INFO = INCLUDE_SOURCE;
				MTL_FAST_MATH = YES;
				ONLY_ACTIVE_ARCH = YES;
				SDKROOT = iphoneos;
				SWIFT_ACTIVE_COMPILATION_CONDITIONS = DEBUG;
				SWIFT_OPTIMIZATION_LEVEL = "-Onone";
			};
			name = Debug;
		};
		D812228A253F1B30002CBA24 /* Release */ = {
			isa = XCBuildConfiguration;
			buildSettings = {
				ALWAYS_SEARCH_USER_PATHS = NO;
				CLANG_ANALYZER_NONNULL = YES;
				CLANG_ANALYZER_NUMBER_OBJECT_CONVERSION = YES_AGGRESSIVE;
				CLANG_CXX_LANGUAGE_STANDARD = "gnu++14";
				CLANG_CXX_LIBRARY = "libc++";
				CLANG_ENABLE_MODULES = YES;
				CLANG_ENABLE_OBJC_ARC = YES;
				CLANG_ENABLE_OBJC_WEAK = YES;
				CLANG_WARN_BLOCK_CAPTURE_AUTORELEASING = YES;
				CLANG_WARN_BOOL_CONVERSION = YES;
				CLANG_WARN_COMMA = YES;
				CLANG_WARN_CONSTANT_CONVERSION = YES;
				CLANG_WARN_DEPRECATED_OBJC_IMPLEMENTATIONS = YES;
				CLANG_WARN_DIRECT_OBJC_ISA_USAGE = YES_ERROR;
				CLANG_WARN_DOCUMENTATION_COMMENTS = YES;
				CLANG_WARN_EMPTY_BODY = YES;
				CLANG_WARN_ENUM_CONVERSION = YES;
				CLANG_WARN_INFINITE_RECURSION = YES;
				CLANG_WARN_INT_CONVERSION = YES;
				CLANG_WARN_NON_LITERAL_NULL_CONVERSION = YES;
				CLANG_WARN_OBJC_IMPLICIT_RETAIN_SELF = YES;
				CLANG_WARN_OBJC_LITERAL_CONVERSION = YES;
				CLANG_WARN_OBJC_ROOT_CLASS = YES_ERROR;
				CLANG_WARN_RANGE_LOOP_ANALYSIS = YES;
				CLANG_WARN_STRICT_PROTOTYPES = YES;
				CLANG_WARN_SUSPICIOUS_MOVE = YES;
				CLANG_WARN_UNGUARDED_AVAILABILITY = YES_AGGRESSIVE;
				CLANG_WARN_UNREACHABLE_CODE = YES;
				CLANG_WARN__DUPLICATE_METHOD_MATCH = YES;
				COPY_PHASE_STRIP = NO;
				DEBUG_INFORMATION_FORMAT = "dwarf-with-dsym";
				ENABLE_NS_ASSERTIONS = NO;
				ENABLE_STRICT_OBJC_MSGSEND = YES;
				GCC_C_LANGUAGE_STANDARD = gnu11;
				GCC_NO_COMMON_BLOCKS = YES;
				GCC_WARN_64_TO_32_BIT_CONVERSION = YES;
				GCC_WARN_ABOUT_RETURN_TYPE = YES_ERROR;
				GCC_WARN_UNDECLARED_SELECTOR = YES;
				GCC_WARN_UNINITIALIZED_AUTOS = YES_AGGRESSIVE;
				GCC_WARN_UNUSED_FUNCTION = YES;
				GCC_WARN_UNUSED_VARIABLE = YES;
				IPHONEOS_DEPLOYMENT_TARGET = 13.6;
				MTL_ENABLE_DEBUG_INFO = NO;
				MTL_FAST_MATH = YES;
				SDKROOT = iphoneos;
				SWIFT_COMPILATION_MODE = wholemodule;
				SWIFT_OPTIMIZATION_LEVEL = "-O";
				VALIDATE_PRODUCT = YES;
			};
			name = Release;
		};
		D812228C253F1B30002CBA24 /* Debug */ = {
			isa = XCBuildConfiguration;
			buildSettings = {
				ASSETCATALOG_COMPILER_APPICON_NAME = AppIcon;
				CODE_SIGN_STYLE = Automatic;
				DEVELOPMENT_TEAM = 9J35TQ48R5;
				INFOPLIST_FILE = WeatherJun/Info.plist;
				LD_RUNPATH_SEARCH_PATHS = (
					"$(inherited)",
					"@executable_path/Frameworks",
				);
				PRODUCT_BUNDLE_IDENTIFIER = testOne.WeatherJun;
				PRODUCT_NAME = "$(TARGET_NAME)";
				SWIFT_VERSION = 5.0;
				TARGETED_DEVICE_FAMILY = "1,2";
			};
			name = Debug;
		};
		D812228D253F1B30002CBA24 /* Release */ = {
			isa = XCBuildConfiguration;
			buildSettings = {
				ASSETCATALOG_COMPILER_APPICON_NAME = AppIcon;
				CODE_SIGN_STYLE = Automatic;
				DEVELOPMENT_TEAM = 9J35TQ48R5;
				INFOPLIST_FILE = WeatherJun/Info.plist;
				LD_RUNPATH_SEARCH_PATHS = (
					"$(inherited)",
					"@executable_path/Frameworks",
				);
				PRODUCT_BUNDLE_IDENTIFIER = testOne.WeatherJun;
				PRODUCT_NAME = "$(TARGET_NAME)";
				SWIFT_VERSION = 5.0;
				TARGETED_DEVICE_FAMILY = "1,2";
			};
			name = Release;
		};
/* End XCBuildConfiguration section */

/* Begin XCConfigurationList section */
		D8122272253F1B2F002CBA24 /* Build configuration list for PBXProject "WeatherJun" */ = {
			isa = XCConfigurationList;
			buildConfigurations = (
				D8122289253F1B30002CBA24 /* Debug */,
				D812228A253F1B30002CBA24 /* Release */,
			);
			defaultConfigurationIsVisible = 0;
			defaultConfigurationName = Release;
		};
		D812228B253F1B30002CBA24 /* Build configuration list for PBXNativeTarget "WeatherJun" */ = {
			isa = XCConfigurationList;
			buildConfigurations = (
				D812228C253F1B30002CBA24 /* Debug */,
				D812228D253F1B30002CBA24 /* Release */,
			);
			defaultConfigurationIsVisible = 0;
			defaultConfigurationName = Release;
		};
/* End XCConfigurationList section */
	};
	rootObject = D812226F253F1B2F002CBA24 /* Project object */;
}
